{
    "name": "igc-to-fit",
    "version": "1.0.0",
    "lockfileVersion": 3,
    "requires": true,
    "packages": {
        "": {
            "name": "igc-to-fit",
            "version": "1.0.0",
            "dependencies": {
                "@garmin/fitsdk": "^21.178.0",
                "commander": "^14.0.0",
                "figlet": "^1.9.1",
                "igc-parser": "^2.0.0",
                "igc-xc-score": "^1.8.0"
            },
            "bin": {
                "igc-to-fit": "index.js"
            }
        },
        "node_modules/@garmin/fitsdk": {
            "version": "21.178.0",
            "resolved": "https://registry.npmjs.org/@garmin/fitsdk/-/fitsdk-21.178.0.tgz",
            "integrity": "sha512-FK+gWvGbWiLg683IosRwLuv56eXD5b2QE7AwT7h6II5Ck7qRlwGbYCw0C6dVyJCZ5LDdhk5CbhiZ2zHGi6jjAw==",
            "license": "SEE LICENSE IN LICENSE.txt"
        },
        "node_modules/collections": {
            "version": "5.1.13",
            "resolved": "https://registry.npmjs.org/collections/-/collections-5.1.13.tgz",
            "integrity": "sha512-SCb6Qd+d3Z02corWQ7/mqXiXeeTdHvkP6TeFSYfGYdCFp1WrjSNZ3j6y8Y3T/7osGEe0iOcU2g1d346l99m4Lg==",
            "license": "BSD-3-Clause",
            "dependencies": {
                "weak-map": "~1.0.x"
            }
        },
        "node_modules/commander": {
            "version": "14.0.0",
            "resolved": "https://registry.npmjs.org/commander/-/commander-14.0.0.tgz",
            "integrity": "sha512-2uM9rYjPvyq39NwLRqaiLtWHyDC1FvryJDa2ATTVims5YAS4PupsEQsDvP14FqhFr0P49CYDugi59xaxJlTXRA==",
            "license": "MIT",
            "engines": {
                "node": ">=20"
            }
        },
        "node_modules/figlet": {
            "version": "1.9.1",
            "resolved": "https://registry.npmjs.org/figlet/-/figlet-1.9.1.tgz",
            "integrity": "sha512-DpKC89iXFjq6NCaIQ1O91R+ofpfyvkwuBfoVd8LpP/JZGZQpelMXgiTStGOfksuMYaDoBAwFlvx7mk+wX+3rrA==",
            "license": "MIT",
            "dependencies": {
                "commander": "^14.0.0"
            },
            "bin": {
                "figlet": "bin/index.js"
            },
            "engines": {
                "node": ">= 17.0.0"
            }
        },
        "node_modules/flatbush": {
            "version": "4.5.0",
            "resolved": "https://registry.npmjs.org/flatbush/-/flatbush-4.5.0.tgz",
            "integrity": "sha512-K7JSilGr4lySRLdJqKY45fu0m/dIs6YAAu/ESqdMsnW3pI0m3gpa6oRc6NDXW161Ov9+rIQjsuyOt5ObdIfgwg==",
            "license": "ISC",
            "dependencies": {
                "flatqueue": "^3.0.0"
            }
        },
        "node_modules/flatqueue": {
            "version": "3.0.0",
            "resolved": "https://registry.npmjs.org/flatqueue/-/flatqueue-3.0.0.tgz",
            "integrity": "sha512-y1deYaVt+lIc/d2uIcWDNd0CrdQTO5xoCjeFdhX0kSXvm2Acm0o+3bAOiYklTEoRyzwio3sv3/IiBZdusbAe2Q==",
            "license": "ISC"
        },
        "node_modules/flight-recorder-manufacturers": {
            "version": "2.0.0",
            "resolved": "https://registry.npmjs.org/flight-recorder-manufacturers/-/flight-recorder-manufacturers-2.0.0.tgz",
            "integrity": "sha512-FhSY7XslPkhYGdBBVRLLExoKqiLWbKuxPEx3O3a443hp8VOrcvE+ibibigVplQbaNipVG3pSPTZPTFJPIfcO8Q==",
            "license": "MIT",
            "engines": {
                "node": ">=12"
            }
        },
        "node_modules/igc-parser": {
            "version": "2.0.0",
            "resolved": "https://registry.npmjs.org/igc-parser/-/igc-parser-2.0.0.tgz",
            "integrity": "sha512-bsJZjPaZRmT8ElFvNgsn5p5rNV6KLilQaRt4fvspufvHeHoeAWpZqsm2UBlwxTnapxnYmhRwaCazZELY4H01BA==",
            "license": "MIT",
            "dependencies": {
                "flight-recorder-manufacturers": "^2.0.0"
            },
            "engines": {
                "node": ">=12"
            }
        },
        "node_modules/igc-xc-score": {
            "version": "1.8.0",
            "resolved": "https://registry.npmjs.org/igc-xc-score/-/igc-xc-score-1.8.0.tgz",
            "integrity": "sha512-2rZS8/4DB6Dcn+KFMhjwW9Rm2nUC6GE3t2tOoAmIONjIPVP4ok59APqgLjXMOEOJvmodQpQc2QlQOGgQ75ML+A==",
            "license": "LGPL-3.0-or-later",
            "dependencies": {
                "collections": "^5.1.13",
                "flatbush": "^4.2.0",
                "igc-parser": "^1.1.0",
                "rbush": "^4.0.0"
            },
            "bin": {
                "igc-xc-score": "dist/igc-xc-score.cjs"
            },
            "engines": {
                "node": ">=18"
            }
        },
        "node_modules/igc-xc-score/node_modules/igc-parser": {
            "version": "1.1.0",
            "resolved": "https://registry.npmjs.org/igc-parser/-/igc-parser-1.1.0.tgz",
            "integrity": "sha512-CJGWiCcCCxNSI3Pt0zbllHNekEp2NOVCgDysg5/7FuW/uXUUDiW+AcZWSwRwvtRQxnYf+Sn7mQmYKLWQfVSATA==",
            "license": "MIT",
            "dependencies": {
                "flight-recorder-manufacturers": "^2.0.0"
            },
            "engines": {
                "node": ">=12"
            }
        },
        "node_modules/quickselect": {
            "version": "3.0.0",
            "resolved": "https://registry.npmjs.org/quickselect/-/quickselect-3.0.0.tgz",
            "integrity": "sha512-XdjUArbK4Bm5fLLvlm5KpTFOiOThgfWWI4axAZDWg4E/0mKdZyI9tNEfds27qCi1ze/vwTR16kvmmGhRra3c2g==",
            "license": "ISC"
        },
        "node_modules/rbush": {
            "version": "4.0.1",
            "resolved": "https://registry.npmjs.org/rbush/-/rbush-4.0.1.tgz",
            "integrity": "sha512-IP0UpfeWQujYC8Jg162rMNc01Rf0gWMMAb2Uxus/Q0qOFw4lCcq6ZnQEZwUoJqWyUGJ9th7JjwI4yIWo+uvoAQ==",
            "license": "MIT",
            "dependencies": {
                "quickselect": "^3.0.0"
            }
        },
        "node_modules/weak-map": {
            "version": "1.0.8",
            "resolved": "https://registry.npmjs.org/weak-map/-/weak-map-1.0.8.tgz",
            "integrity": "sha512-lNR9aAefbGPpHO7AEnY0hCFjz1eTkWCXYvkTRrTHs9qv8zJp+SkVYpzfLIFXQQiG3tVvbNFQgVg2bQS8YGgxyw==",
            "license": "Apache-2.0"
        }
    }
}
