{
    "name": "igc-to-fit",
    "version": "1.0.0",
    "lockfileVersion": 3,
    "requires": true,
    "packages": {
        "": {
            "name": "igc-to-fit",
            "version": "1.0.0",
            "license": "ISC",
            "dependencies": {
                "@garmin/fitsdk": "^21.178.0",
                "commander": "^14.0.0",
                "figlet": "^1.9.1",
                "igc-parser": "^2.0.0"
            },
            "devDependencies": {}
        },
        "node_modules/@garmin/fitsdk": {
            "version": "21.178.0",
            "resolved": "https://registry.npmjs.org/@garmin/fitsdk/-/fitsdk-21.178.0.tgz",
            "integrity": "sha512-FK+gWvGbWiLg683IosRwLuv56eXD5b2QE7AwT7h6II5Ck7qRlwGbYCw0C6dVyJCZ5LDdhk5CbhiZ2zHGi6jjAw==",
            "license": "SEE LICENSE IN LICENSE.txt"
        },
        "node_modules/commander": {
            "version": "14.0.0",
            "resolved": "https://registry.npmjs.org/commander/-/commander-14.0.0.tgz",
            "integrity": "sha512-2uM9rYjPvyq39NwLRqaiLtWHyDC1FvryJDa2ATTVims5YAS4PupsEQsDvP14FqhFr0P49CYDugi59xaxJlTXRA==",
            "license": "MIT",
            "engines": {
                "node": ">=20"
            }
        },
        "node_modules/figlet": {
            "version": "1.9.1",
            "resolved": "https://registry.npmjs.org/figlet/-/figlet-1.9.1.tgz",
            "integrity": "sha512-DpKC89iXFjq6NCaIQ1O91R+ofpfyvkwuBfoVd8LpP/JZGZQpelMXgiTStGOfksuMYaDoBAwFlvx7mk+wX+3rrA==",
            "license": "MIT",
            "dependencies": {
                "commander": "^14.0.0"
            },
            "bin": {
                "figlet": "bin/index.js"
            },
            "engines": {
                "node": ">= 17.0.0"
            }
        },
        "node_modules/flight-recorder-manufacturers": {
            "version": "2.0.0",
            "resolved": "https://registry.npmjs.org/flight-recorder-manufacturers/-/flight-recorder-manufacturers-2.0.0.tgz",
            "integrity": "sha512-FhSY7XslPkhYGdBBVRLLExoKqiLWbKuxPEx3O3a443hp8VOrcvE+ibibigVplQbaNipVG3pSPTZPTFJPIfcO8Q==",
            "license": "MIT",
            "engines": {
                "node": ">=12"
            }
        },
        "node_modules/igc-parser": {
            "version": "2.0.0",
            "resolved": "https://registry.npmjs.org/igc-parser/-/igc-parser-2.0.0.tgz",
            "integrity": "sha512-bsJZjPaZRmT8ElFvNgsn5p5rNV6KLilQaRt4fvspufvHeHoeAWpZqsm2UBlwxTnapxnYmhRwaCazZELY4H01BA==",
            "license": "MIT",
            "dependencies": {
                "flight-recorder-manufacturers": "^2.0.0"
            },
            "engines": {
                "node": ">=12"
            }
        }
    }
}
